
Microsoft Visual Studio Solution File, Format Version 12.00
# Visual Studio Version 17
VisualStudioVersion = 17.3.32929.385
MinimumVisualStudioVersion = 10.0.40219.1
Project("{FAE04EC0-301F-11D3-BF4B-00C04F79EFBC}") = "Hackathon 2022", "Hackathon 2022\Hackathon 2022.csproj", "{136E60DA-5056-4CB4-B573-1D84AB8475DE}"
EndProject
Global
	GlobalSection(SolutionConfigurationPlatforms) = preSolution
		Debug|Any CPU = Debug|Any CPU
		Release|Any CPU = Release|Any CPU
	EndGlobalSection
	GlobalSection(ProjectConfigurationPlatforms) = postSolution
		{136E60DA-5056-4CB4-B573-1D84AB8475DE}.Debug|Any CPU.ActiveCfg = Debug|Any CPU
		{136E60DA-5056-4CB4-B573-1D84AB8475DE}.Debug|Any CPU.Build.0 = Debug|Any CPU
		{136E60DA-5056-4CB4-B573-1D84AB8475DE}.Release|Any CPU.ActiveCfg = Release|Any CPU
		{136E60DA-5056-4CB4-B573-1D84AB8475DE}.Release|Any CPU.Build.0 = Release|Any CPU
	EndGlobalSection
	GlobalSection(SolutionProperties) = preSolution
		HideSolutionNode = FALSE
	EndGlobalSection
	GlobalSection(ExtensibilityGlobals) = postSolution
		SolutionGuid = {3362390C-87BB-4C14-8FE1-5EE58D0346F1}
	EndGlobalSection
EndGlobal
